
Microsoft Visual Studio Solution File, Format Version 12.00
# Visual Studio Version 17
VisualStudioVersion = 17.7.34221.43
MinimumVisualStudioVersion = 10.0.40219.1
Project("{FAE04EC0-301F-11D3-BF4B-00C04F79EFBC}") = "TestYaMed", "TestYaMed\TestYaMed.csproj", "{5244F1FA-98C4-4969-8381-F5137C0C7220}"
EndProject
Global
	GlobalSection(SolutionConfigurationPlatforms) = preSolution
		Debug|Any CPU = Debug|Any CPU
		Release|Any CPU = Release|Any CPU
	EndGlobalSection
	GlobalSection(ProjectConfigurationPlatforms) = postSolution
		{5244F1FA-98C4-4969-8381-F5137C0C7220}.Debug|Any CPU.ActiveCfg = Debug|Any CPU
		{5244F1FA-98C4-4969-8381-F5137C0C7220}.Debug|Any CPU.Build.0 = Debug|Any CPU
		{5244F1FA-98C4-4969-8381-F5137C0C7220}.Release|Any CPU.ActiveCfg = Release|Any CPU
		{5244F1FA-98C4-4969-8381-F5137C0C7220}.Release|Any CPU.Build.0 = Release|Any CPU
	EndGlobalSection
	GlobalSection(SolutionProperties) = preSolution
		HideSolutionNode = FALSE
	EndGlobalSection
	GlobalSection(ExtensibilityGlobals) = postSolution
		SolutionGuid = {4F28AD46-F819-4669-8A9A-2E0501B792DE}
	EndGlobalSection
EndGlobal
